
Microsoft Visual Studio Solution File, Format Version 12.00
# Visual Studio Version 17
VisualStudioVersion = 17.7.34202.233
MinimumVisualStudioVersion = 10.0.40219.1
Project("{9A19103F-16F7-4668-BE54-9A1E7A4F7556}") = "ActivityCheck", "ActivityCheck.csproj", "{AFD80473-20D9-4FBE-A7DC-D3CB64BD3773}"
EndProject
Project("{2150E333-8FDC-42A3-9474-1A3956D46DE8}") = "Domain", "Domain", "{7133426B-B949-40F0-8095-B6BF954CCEFA}"
EndProject
Project("{9A19103F-16F7-4668-BE54-9A1E7A4F7556}") = "ActivityCheck.Domain", "..\ActivityCheck.Domain\ActivityCheck.Domain.csproj", "{BB3C5136-C96E-4124-8282-E8B3646347CD}"
EndProject
Project("{2150E333-8FDC-42A3-9474-1A3956D46DE8}") = "DAL", "DAL", "{A8573D68-BD71-48FF-A2C0-AE2AA5697A55}"
EndProject
Project("{FAE04EC0-301F-11D3-BF4B-00C04F79EFBC}") = "ActivityCheck.DAL", "..\ActivityCheck.DAL\ActivityCheck.DAL.csproj", "{4607F7E4-5C67-4D78-8624-0F7383C71ADD}"
EndProject
Global
	GlobalSection(SolutionConfigurationPlatforms) = preSolution
		Debug|Any CPU = Debug|Any CPU
		Release|Any CPU = Release|Any CPU
	EndGlobalSection
	GlobalSection(ProjectConfigurationPlatforms) = postSolution
		{AFD80473-20D9-4FBE-A7DC-D3CB64BD3773}.Debug|Any CPU.ActiveCfg = Debug|Any CPU
		{AFD80473-20D9-4FBE-A7DC-D3CB64BD3773}.Debug|Any CPU.Build.0 = Debug|Any CPU
		{AFD80473-20D9-4FBE-A7DC-D3CB64BD3773}.Release|Any CPU.ActiveCfg = Release|Any CPU
		{AFD80473-20D9-4FBE-A7DC-D3CB64BD3773}.Release|Any CPU.Build.0 = Release|Any CPU
		{BB3C5136-C96E-4124-8282-E8B3646347CD}.Debug|Any CPU.ActiveCfg = Debug|Any CPU
		{BB3C5136-C96E-4124-8282-E8B3646347CD}.Debug|Any CPU.Build.0 = Debug|Any CPU
		{BB3C5136-C96E-4124-8282-E8B3646347CD}.Release|Any CPU.ActiveCfg = Release|Any CPU
		{BB3C5136-C96E-4124-8282-E8B3646347CD}.Release|Any CPU.Build.0 = Release|Any CPU
		{4607F7E4-5C67-4D78-8624-0F7383C71ADD}.Debug|Any CPU.ActiveCfg = Debug|Any CPU
		{4607F7E4-5C67-4D78-8624-0F7383C71ADD}.Debug|Any CPU.Build.0 = Debug|Any CPU
		{4607F7E4-5C67-4D78-8624-0F7383C71ADD}.Release|Any CPU.ActiveCfg = Release|Any CPU
		{4607F7E4-5C67-4D78-8624-0F7383C71ADD}.Release|Any CPU.Build.0 = Release|Any CPU
	EndGlobalSection
	GlobalSection(SolutionProperties) = preSolution
		HideSolutionNode = FALSE
	EndGlobalSection
	GlobalSection(NestedProjects) = preSolution
		{BB3C5136-C96E-4124-8282-E8B3646347CD} = {7133426B-B949-40F0-8095-B6BF954CCEFA}
		{4607F7E4-5C67-4D78-8624-0F7383C71ADD} = {A8573D68-BD71-48FF-A2C0-AE2AA5697A55}
	EndGlobalSection
	GlobalSection(ExtensibilityGlobals) = postSolution
		SolutionGuid = {A7DD857F-F545-461F-A585-7F55EA7D1E82}
	EndGlobalSection
EndGlobal
